
Microsoft Visual Studio Solution File, Format Version 12.00
# Visual Studio Version 17
VisualStudioVersion = 17.9.34622.214
MinimumVisualStudioVersion = 10.0.40219.1
Project("{FAE04EC0-301F-11D3-BF4B-00C04F79EFBC}") = "Conditionals", "Conditionals\Conditionals.csproj", "{0C7E4584-177B-4BCF-875E-D5CB92CB7FA5}"
EndProject
Global
	GlobalSection(SolutionConfigurationPlatforms) = preSolution
		Debug|Any CPU = Debug|Any CPU
		Release|Any CPU = Release|Any CPU
	EndGlobalSection
	GlobalSection(ProjectConfigurationPlatforms) = postSolution
		{0C7E4584-177B-4BCF-875E-D5CB92CB7FA5}.Debug|Any CPU.ActiveCfg = Debug|Any CPU
		{0C7E4584-177B-4BCF-875E-D5CB92CB7FA5}.Debug|Any CPU.Build.0 = Debug|Any CPU
		{0C7E4584-177B-4BCF-875E-D5CB92CB7FA5}.Release|Any CPU.ActiveCfg = Release|Any CPU
		{0C7E4584-177B-4BCF-875E-D5CB92CB7FA5}.Release|Any CPU.Build.0 = Release|Any CPU
	EndGlobalSection
	GlobalSection(SolutionProperties) = preSolution
		HideSolutionNode = FALSE
	EndGlobalSection
	GlobalSection(ExtensibilityGlobals) = postSolution
		SolutionGuid = {DEC057D1-068F-4315-B023-C4E5E97245AE}
	EndGlobalSection
EndGlobal
